
Microsoft Visual Studio Solution File, Format Version 12.00
# Visual Studio Version 17
VisualStudioVersion = 17.0.31903.59
MinimumVisualStudioVersion = 10.0.40219.1
Project("{2150E333-8FDC-42A3-9474-1A3956D46DE8}") = "Frontend", "Frontend", "{CE609670-85B9-0D16-FB54-ED063D5D8A6D}"
EndProject
Project("{FAE04EC0-301F-11D3-BF4B-00C04F79EFBC}") = "ECommerce", "Frontend\ECommerce.csproj", "{84AE6EEF-09DB-4BDF-ADB9-4B275AE45DE3}"
EndProject
Project("{FAE04EC0-301F-11D3-BF4B-00C04F79EFBC}") = "Backend", "Backend\Backend.csproj", "{FF51D6B2-B716-4736-9060-48ADAA2D6317}"
EndProject
Project("{FAE04EC0-301F-11D3-BF4B-00C04F79EFBC}") = "Model", "Model\Model.csproj", "{DA283544-3C5D-4C59-8FF3-887CEB11205D}"
EndProject
Project("{FAE04EC0-301F-11D3-BF4B-00C04F79EFBC}") = "Infra", "Infra\Infra.csproj", "{0848B9FD-1526-4516-B4C7-1F5A55223A7C}"
EndProject
Global
	GlobalSection(SolutionConfigurationPlatforms) = preSolution
		Debug|Any CPU = Debug|Any CPU
		Debug|x64 = Debug|x64
		Debug|x86 = Debug|x86
		Release|Any CPU = Release|Any CPU
		Release|x64 = Release|x64
		Release|x86 = Release|x86
	EndGlobalSection
	GlobalSection(ProjectConfigurationPlatforms) = postSolution
		{84AE6EEF-09DB-4BDF-ADB9-4B275AE45DE3}.Debug|Any CPU.ActiveCfg = Debug|Any CPU
		{84AE6EEF-09DB-4BDF-ADB9-4B275AE45DE3}.Debug|Any CPU.Build.0 = Debug|Any CPU
		{84AE6EEF-09DB-4BDF-ADB9-4B275AE45DE3}.Debug|x64.ActiveCfg = Debug|Any CPU
		{84AE6EEF-09DB-4BDF-ADB9-4B275AE45DE3}.Debug|x64.Build.0 = Debug|Any CPU
		{84AE6EEF-09DB-4BDF-ADB9-4B275AE45DE3}.Debug|x86.ActiveCfg = Debug|Any CPU
		{84AE6EEF-09DB-4BDF-ADB9-4B275AE45DE3}.Debug|x86.Build.0 = Debug|Any CPU
		{84AE6EEF-09DB-4BDF-ADB9-4B275AE45DE3}.Release|Any CPU.ActiveCfg = Release|Any CPU
		{84AE6EEF-09DB-4BDF-ADB9-4B275AE45DE3}.Release|Any CPU.Build.0 = Release|Any CPU
		{84AE6EEF-09DB-4BDF-ADB9-4B275AE45DE3}.Release|x64.ActiveCfg = Release|Any CPU
		{84AE6EEF-09DB-4BDF-ADB9-4B275AE45DE3}.Release|x64.Build.0 = Release|Any CPU
		{84AE6EEF-09DB-4BDF-ADB9-4B275AE45DE3}.Release|x86.ActiveCfg = Release|Any CPU
		{84AE6EEF-09DB-4BDF-ADB9-4B275AE45DE3}.Release|x86.Build.0 = Release|Any CPU
		{FF51D6B2-B716-4736-9060-48ADAA2D6317}.Debug|Any CPU.ActiveCfg = Debug|Any CPU
		{FF51D6B2-B716-4736-9060-48ADAA2D6317}.Debug|Any CPU.Build.0 = Debug|Any CPU
		{FF51D6B2-B716-4736-9060-48ADAA2D6317}.Debug|x64.ActiveCfg = Debug|Any CPU
		{FF51D6B2-B716-4736-9060-48ADAA2D6317}.Debug|x64.Build.0 = Debug|Any CPU
		{FF51D6B2-B716-4736-9060-48ADAA2D6317}.Debug|x86.ActiveCfg = Debug|Any CPU
		{FF51D6B2-B716-4736-9060-48ADAA2D6317}.Debug|x86.Build.0 = Debug|Any CPU
		{FF51D6B2-B716-4736-9060-48ADAA2D6317}.Release|Any CPU.ActiveCfg = Release|Any CPU
		{FF51D6B2-B716-4736-9060-48ADAA2D6317}.Release|Any CPU.Build.0 = Release|Any CPU
		{FF51D6B2-B716-4736-9060-48ADAA2D6317}.Release|x64.ActiveCfg = Release|Any CPU
		{FF51D6B2-B716-4736-9060-48ADAA2D6317}.Release|x64.Build.0 = Release|Any CPU
		{FF51D6B2-B716-4736-9060-48ADAA2D6317}.Release|x86.ActiveCfg = Release|Any CPU
		{FF51D6B2-B716-4736-9060-48ADAA2D6317}.Release|x86.Build.0 = Release|Any CPU
		{DA283544-3C5D-4C59-8FF3-887CEB11205D}.Debug|Any CPU.ActiveCfg = Debug|Any CPU
		{DA283544-3C5D-4C59-8FF3-887CEB11205D}.Debug|Any CPU.Build.0 = Debug|Any CPU
		{DA283544-3C5D-4C59-8FF3-887CEB11205D}.Debug|x64.ActiveCfg = Debug|Any CPU
		{DA283544-3C5D-4C59-8FF3-887CEB11205D}.Debug|x64.Build.0 = Debug|Any CPU
		{DA283544-3C5D-4C59-8FF3-887CEB11205D}.Debug|x86.ActiveCfg = Debug|Any CPU
		{DA283544-3C5D-4C59-8FF3-887CEB11205D}.Debug|x86.Build.0 = Debug|Any CPU
		{DA283544-3C5D-4C59-8FF3-887CEB11205D}.Release|Any CPU.ActiveCfg = Release|Any CPU
		{DA283544-3C5D-4C59-8FF3-887CEB11205D}.Release|Any CPU.Build.0 = Release|Any CPU
		{DA283544-3C5D-4C59-8FF3-887CEB11205D}.Release|x64.ActiveCfg = Release|Any CPU
		{DA283544-3C5D-4C59-8FF3-887CEB11205D}.Release|x64.Build.0 = Release|Any CPU
		{DA283544-3C5D-4C59-8FF3-887CEB11205D}.Release|x86.ActiveCfg = Release|Any CPU
		{DA283544-3C5D-4C59-8FF3-887CEB11205D}.Release|x86.Build.0 = Release|Any CPU
		{0848B9FD-1526-4516-B4C7-1F5A55223A7C}.Debug|Any CPU.ActiveCfg = Debug|Any CPU
		{0848B9FD-1526-4516-B4C7-1F5A55223A7C}.Debug|Any CPU.Build.0 = Debug|Any CPU
		{0848B9FD-1526-4516-B4C7-1F5A55223A7C}.Debug|x64.ActiveCfg = Debug|Any CPU
		{0848B9FD-1526-4516-B4C7-1F5A55223A7C}.Debug|x64.Build.0 = Debug|Any CPU
		{0848B9FD-1526-4516-B4C7-1F5A55223A7C}.Debug|x86.ActiveCfg = Debug|Any CPU
		{0848B9FD-1526-4516-B4C7-1F5A55223A7C}.Debug|x86.Build.0 = Debug|Any CPU
		{0848B9FD-1526-4516-B4C7-1F5A55223A7C}.Release|Any CPU.ActiveCfg = Release|Any CPU
		{0848B9FD-1526-4516-B4C7-1F5A55223A7C}.Release|Any CPU.Build.0 = Release|Any CPU
		{0848B9FD-1526-4516-B4C7-1F5A55223A7C}.Release|x64.ActiveCfg = Release|Any CPU
		{0848B9FD-1526-4516-B4C7-1F5A55223A7C}.Release|x64.Build.0 = Release|Any CPU
		{0848B9FD-1526-4516-B4C7-1F5A55223A7C}.Release|x86.ActiveCfg = Release|Any CPU
		{0848B9FD-1526-4516-B4C7-1F5A55223A7C}.Release|x86.Build.0 = Release|Any CPU
	EndGlobalSection
	GlobalSection(SolutionProperties) = preSolution
		HideSolutionNode = FALSE
	EndGlobalSection
	GlobalSection(NestedProjects) = preSolution
		{84AE6EEF-09DB-4BDF-ADB9-4B275AE45DE3} = {CE609670-85B9-0D16-FB54-ED063D5D8A6D}
	EndGlobalSection
EndGlobal
